// !$*UTF8*$!
{
	archiveVersion = 1;
	classes = {
	};
	objectVersion = 46;
	objects = {

/* Begin PBXBuildFile section */
		4202488619A670B4003FFDF3 /* TKAnalyticsManager.m in Sources */ = {isa = PBXBuildFile; fileRef = 4202488519A670B4003FFDF3 /* TKAnalyticsManager.m */; };
		42E45D5519A3B42800459AB6 /* Foundation.framework in Frameworks */ = {isa = PBXBuildFile; fileRef = 42E45D5419A3B42800459AB6 /* Foundation.framework */; };
		42E45D5719A3B42800459AB6 /* CoreGraphics.framework in Frameworks */ = {isa = PBXBuildFile; fileRef = 42E45D5619A3B42800459AB6 /* CoreGraphics.framework */; };
		42E45D5919A3B42800459AB6 /* UIKit.framework in Frameworks */ = {isa = PBXBuildFile; fileRef = 42E45D5819A3B42800459AB6 /* UIKit.framework */; };
		42E45D5F19A3B42800459AB6 /* InfoPlist.strings in Resources */ = {isa = PBXBuildFile; fileRef = 42E45D5D19A3B42800459AB6 /* InfoPlist.strings */; };
		42E45D6119A3B42800459AB6 /* main.m in Sources */ = {isa = PBXBuildFile; fileRef = 42E45D6019A3B42800459AB6 /* main.m */; };
		42E45D6519A3B42800459AB6 /* TKAppDelegate.m in Sources */ = {isa = PBXBuildFile; fileRef = 42E45D6419A3B42800459AB6 /* TKAppDelegate.m */; };
		42E45D6819A3B42800459AB6 /* Main_iPhone.storyboard in Resources */ = {isa = PBXBuildFile; fileRef = 42E45D6619A3B42800459AB6 /* Main_iPhone.storyboard */; };
		42E45D6B19A3B42800459AB6 /* Main_iPad.storyboard in Resources */ = {isa = PBXBuildFile; fileRef = 42E45D6919A3B42800459AB6 /* Main_iPad.storyboard */; };
		42E45D6E19A3B42800459AB6 /* TKViewController.m in Sources */ = {isa = PBXBuildFile; fileRef = 42E45D6D19A3B42800459AB6 /* TKViewController.m */; };
		42E45D7019A3B42800459AB6 /* Images.xcassets in Resources */ = {isa = PBXBuildFile; fileRef = 42E45D6F19A3B42800459AB6 /* Images.xcassets */; };
		42E45D7719A3B42800459AB6 /* XCTest.framework in Frameworks */ = {isa = PBXBuildFile; fileRef = 42E45D7619A3B42800459AB6 /* XCTest.framework */; };
		42E45D7819A3B42800459AB6 /* Foundation.framework in Frameworks */ = {isa = PBXBuildFile; fileRef = 42E45D5419A3B42800459AB6 /* Foundation.framework */; };
		42E45D7919A3B42800459AB6 /* UIKit.framework in Frameworks */ = {isa = PBXBuildFile; fileRef = 42E45D5819A3B42800459AB6 /* UIKit.framework */; };
		42E45D8119A3B42800459AB6 /* InfoPlist.strings in Resources */ = {isa = PBXBuildFile; fileRef = 42E45D7F19A3B42800459AB6 /* InfoPlist.strings */; };
		42E45D8319A3B42800459AB6 /* TestKeenTests.m in Sources */ = {isa = PBXBuildFile; fileRef = 42E45D8219A3B42800459AB6 /* TestKeenTests.m */; };
		42E45D9119A3B47900459AB6 /* libKeenClient-Aggregate.a in Frameworks */ = {isa = PBXBuildFile; fileRef = 42E45D9019A3B47900459AB6 /* libKeenClient-Aggregate.a */; };
		42E45D9319A3B49400459AB6 /* CoreLocation.framework in Frameworks */ = {isa = PBXBuildFile; fileRef = 42E45D9219A3B49400459AB6 /* CoreLocation.framework */; };
/* End PBXBuildFile section */

/* Begin PBXContainerItemProxy section */
		42E45D7A19A3B42800459AB6 /* PBXContainerItemProxy */ = {
			isa = PBXContainerItemProxy;
			containerPortal = 42E45D4919A3B42800459AB6 /* Project object */;
			proxyType = 1;
			remoteGlobalIDString = 42E45D5019A3B42800459AB6;
			remoteInfo = TestKeen;
		};
/* End PBXContainerItemProxy section */

/* Begin PBXFileReference section */
		4202488419A670B4003FFDF3 /* TKAnalyticsManager.h */ = {isa = PBXFileReference; fileEncoding = 4; lastKnownFileType = sourcecode.c.h; path = TKAnalyticsManager.h; sourceTree = "<group>"; };
		4202488519A670B4003FFDF3 /* TKAnalyticsManager.m */ = {isa = PBXFileReference; fileEncoding = 4; lastKnownFileType = sourcecode.c.objc; path = TKAnalyticsManager.m; sourceTree = "<group>"; };
		42E45D5119A3B42800459AB6 /* TestKeen.app */ = {isa = PBXFileReference; explicitFileType = wrapper.application; includeInIndex = 0; path = TestKeen.app; sourceTree = BUILT_PRODUCTS_DIR; };
		42E45D5419A3B42800459AB6 /* Foundation.framework */ = {isa = PBXFileReference; lastKnownFileType = wrapper.framework; name = Foundation.framework; path = System/Library/Frameworks/Foundation.framework; sourceTree = SDKROOT; };
		42E45D5619A3B42800459AB6 /* CoreGraphics.framework */ = {isa = PBXFileReference; lastKnownFileType = wrapper.framework; name = CoreGraphics.framework; path = System/Library/Frameworks/CoreGraphics.framework; sourceTree = SDKROOT; };
		42E45D5819A3B42800459AB6 /* UIKit.framework */ = {isa = PBXFileReference; lastKnownFileType = wrapper.framework; name = UIKit.framework; path = System/Library/Frameworks/UIKit.framework; sourceTree = SDKROOT; };
		42E45D5C19A3B42800459AB6 /* TestKeen-Info.plist */ = {isa = PBXFileReference; lastKnownFileType = text.plist.xml; path = "TestKeen-Info.plist"; sourceTree = "<group>"; };
		42E45D5E19A3B42800459AB6 /* en */ = {isa = PBXFileReference; lastKnownFileType = text.plist.strings; name = en; path = en.lproj/InfoPlist.strings; sourceTree = "<group>"; };
		42E45D6019A3B42800459AB6 /* main.m */ = {isa = PBXFileReference; lastKnownFileType = sourcecode.c.objc; path = main.m; sourceTree = "<group>"; };
		42E45D6219A3B42800459AB6 /* TestKeen-Prefix.pch */ = {isa = PBXFileReference; lastKnownFileType = sourcecode.c.h; path = "TestKeen-Prefix.pch"; sourceTree = "<group>"; };
		42E45D6319A3B42800459AB6 /* TKAppDelegate.h */ = {isa = PBXFileReference; lastKnownFileType = sourcecode.c.h; path = TKAppDelegate.h; sourceTree = "<group>"; };
		42E45D6419A3B42800459AB6 /* TKAppDelegate.m */ = {isa = PBXFileReference; lastKnownFileType = sourcecode.c.objc; path = TKAppDelegate.m; sourceTree = "<group>"; };
		42E45D6719A3B42800459AB6 /* Base */ = {isa = PBXFileReference; lastKnownFileType = file.storyboard; name = Base; path = Base.lproj/Main_iPhone.storyboard; sourceTree = "<group>"; };
		42E45D6A19A3B42800459AB6 /* Base */ = {isa = PBXFileReference; lastKnownFileType = file.storyboard; name = Base; path = Base.lproj/Main_iPad.storyboard; sourceTree = "<group>"; };
		42E45D6C19A3B42800459AB6 /* TKViewController.h */ = {isa = PBXFileReference; lastKnownFileType = sourcecode.c.h; path = TKViewController.h; sourceTree = "<group>"; };
		42E45D6D19A3B42800459AB6 /* TKViewController.m */ = {isa = PBXFileReference; lastKnownFileType = sourcecode.c.objc; path = TKViewController.m; sourceTree = "<group>"; };
		42E45D6F19A3B42800459AB6 /* Images.xcassets */ = {isa = PBXFileReference; lastKnownFileType = folder.assetcatalog; path = Images.xcassets; sourceTree = "<group>"; };
		42E45D7519A3B42800459AB6 /* TestKeenTests.xctest */ = {isa = PBXFileReference; explicitFileType = wrapper.cfbundle; includeInIndex = 0; path = TestKeenTests.xctest; sourceTree = BUILT_PRODUCTS_DIR; };
		42E45D7619A3B42800459AB6 /* XCTest.framework */ = {isa = PBXFileReference; lastKnownFileType = wrapper.framework; name = XCTest.framework; path = Library/Frameworks/XCTest.framework; sourceTree = DEVELOPER_DIR; };
		42E45D7E19A3B42800459AB6 /* TestKeenTests-Info.plist */ = {isa = PBXFileReference; lastKnownFileType = text.plist.xml; path = "TestKeenTests-Info.plist"; sourceTree = "<group>"; };
		42E45D8019A3B42800459AB6 /* en */ = {isa = PBXFileReference; lastKnownFileType = text.plist.strings; name = en; path = en.lproj/InfoPlist.strings; sourceTree = "<group>"; };
		42E45D8219A3B42800459AB6 /* TestKeenTests.m */ = {isa = PBXFileReference; lastKnownFileType = sourcecode.c.objc; path = TestKeenTests.m; sourceTree = "<group>"; };
		42E45D8D19A3B47900459AB6 /* KeenClient.h */ = {isa = PBXFileReference; fileEncoding = 4; lastKnownFileType = sourcecode.c.h; path = KeenClient.h; sourceTree = "<group>"; };
		42E45D8E19A3B47900459AB6 /* KeenProperties.h */ = {isa = PBXFileReference; fileEncoding = 4; lastKnownFileType = sourcecode.c.h; path = KeenProperties.h; sourceTree = "<group>"; };
		42E45D8F19A3B47900459AB6 /* KIOEventStore.h */ = {isa = PBXFileReference; fileEncoding = 4; lastKnownFileType = sourcecode.c.h; path = KIOEventStore.h; sourceTree = "<group>"; };
		42E45D9019A3B47900459AB6 /* libKeenClient-Aggregate.a */ = {isa = PBXFileReference; lastKnownFileType = archive.ar; path = "libKeenClient-Aggregate.a"; sourceTree = "<group>"; };
		42E45D9219A3B49400459AB6 /* CoreLocation.framework */ = {isa = PBXFileReference; lastKnownFileType = wrapper.framework; name = CoreLocation.framework; path = System/Library/Frameworks/CoreLocation.framework; sourceTree = SDKROOT; };
/* End PBXFileReference section */

/* Begin PBXFrameworksBuildPhase section */
		42E45D4E19A3B42800459AB6 /* Frameworks */ = {
			isa = PBXFrameworksBuildPhase;
			buildActionMask = 2147483647;
			files = (
				42E45D9319A3B49400459AB6 /* CoreLocation.framework in Frameworks */,
				42E45D5719A3B42800459AB6 /* CoreGraphics.framework in Frameworks */,
				42E45D9119A3B47900459AB6 /* libKeenClient-Aggregate.a in Frameworks */,
				42E45D5919A3B42800459AB6 /* UIKit.framework in Frameworks */,
				42E45D5519A3B42800459AB6 /* Foundation.framework in Frameworks */,
			);
			runOnlyForDeploymentPostprocessing = 0;
		};
		42E45D7219A3B42800459AB6 /* Frameworks */ = {
			isa = PBXFrameworksBuildPhase;
			buildActionMask = 2147483647;
			files = (
				42E45D7719A3B42800459AB6 /* XCTest.framework in Frameworks */,
				42E45D7919A3B42800459AB6 /* UIKit.framework in Frameworks */,
				42E45D7819A3B42800459AB6 /* Foundation.framework in Frameworks */,
			);
			runOnlyForDeploymentPostprocessing = 0;
		};
/* End PBXFrameworksBuildPhase section */

/* Begin PBXGroup section */
		42E45D4819A3B42800459AB6 = {
			isa = PBXGroup;
			children = (
				42E45D5A19A3B42800459AB6 /* TestKeen */,
				42E45D7C19A3B42800459AB6 /* TestKeenTests */,
				42E45D5319A3B42800459AB6 /* Frameworks */,
				42E45D5219A3B42800459AB6 /* Products */,
			);
			sourceTree = "<group>";
		};
		42E45D5219A3B42800459AB6 /* Products */ = {
			isa = PBXGroup;
			children = (
				42E45D5119A3B42800459AB6 /* TestKeen.app */,
				42E45D7519A3B42800459AB6 /* TestKeenTests.xctest */,
			);
			name = Products;
			sourceTree = "<group>";
		};
		42E45D5319A3B42800459AB6 /* Frameworks */ = {
			isa = PBXGroup;
			children = (
				42E45D9219A3B49400459AB6 /* CoreLocation.framework */,
				42E45D8C19A3B47900459AB6 /* KeenClient */,
				42E45D5419A3B42800459AB6 /* Foundation.framework */,
				42E45D5619A3B42800459AB6 /* CoreGraphics.framework */,
				42E45D5819A3B42800459AB6 /* UIKit.framework */,
				42E45D7619A3B42800459AB6 /* XCTest.framework */,
			);
			name = Frameworks;
			sourceTree = "<group>";
		};
		42E45D5A19A3B42800459AB6 /* TestKeen */ = {
			isa = PBXGroup;
			children = (
				42E45D6319A3B42800459AB6 /* TKAppDelegate.h */,
				42E45D6419A3B42800459AB6 /* TKAppDelegate.m */,
				4202488419A670B4003FFDF3 /* TKAnalyticsManager.h */,
				4202488519A670B4003FFDF3 /* TKAnalyticsManager.m */,
				42E45D6619A3B42800459AB6 /* Main_iPhone.storyboard */,
				42E45D6919A3B42800459AB6 /* Main_iPad.storyboard */,
				42E45D6C19A3B42800459AB6 /* TKViewController.h */,
				42E45D6D19A3B42800459AB6 /* TKViewController.m */,
				42E45D6F19A3B42800459AB6 /* Images.xcassets */,
				42E45D5B19A3B42800459AB6 /* Supporting Files */,
			);
			path = TestKeen;
			sourceTree = "<group>";
		};
		42E45D5B19A3B42800459AB6 /* Supporting Files */ = {
			isa = PBXGroup;
			children = (
				42E45D5C19A3B42800459AB6 /* TestKeen-Info.plist */,
				42E45D5D19A3B42800459AB6 /* InfoPlist.strings */,
				42E45D6019A3B42800459AB6 /* main.m */,
				42E45D6219A3B42800459AB6 /* TestKeen-Prefix.pch */,
			);
			name = "Supporting Files";
			sourceTree = "<group>";
		};
		42E45D7C19A3B42800459AB6 /* TestKeenTests */ = {
			isa = PBXGroup;
			children = (
				42E45D8219A3B42800459AB6 /* TestKeenTests.m */,
				42E45D7D19A3B42800459AB6 /* Supporting Files */,
			);
			path = TestKeenTests;
			sourceTree = "<group>";
		};
		42E45D7D19A3B42800459AB6 /* Supporting Files */ = {
			isa = PBXGroup;
			children = (
				42E45D7E19A3B42800459AB6 /* TestKeenTests-Info.plist */,
				42E45D7F19A3B42800459AB6 /* InfoPlist.strings */,
			);
			name = "Supporting Files";
			sourceTree = "<group>";
		};
		42E45D8C19A3B47900459AB6 /* KeenClient */ = {
			isa = PBXGroup;
			children = (
				42E45D8D19A3B47900459AB6 /* KeenClient.h */,
				42E45D8E19A3B47900459AB6 /* KeenProperties.h */,
				42E45D8F19A3B47900459AB6 /* KIOEventStore.h */,
				42E45D9019A3B47900459AB6 /* libKeenClient-Aggregate.a */,
			);
			path = KeenClient;
			sourceTree = "<group>";
		};
/* End PBXGroup section */

/* Begin PBXNativeTarget section */
		42E45D5019A3B42800459AB6 /* TestKeen */ = {
			isa = PBXNativeTarget;
			buildConfigurationList = 42E45D8619A3B42800459AB6 /* Build configuration list for PBXNativeTarget "TestKeen" */;
			buildPhases = (
				42E45D4D19A3B42800459AB6 /* Sources */,
				42E45D4E19A3B42800459AB6 /* Frameworks */,
				42E45D4F19A3B42800459AB6 /* Resources */,
			);
			buildRules = (
			);
			dependencies = (
			);
			name = TestKeen;
			productName = TestKeen;
			productReference = 42E45D5119A3B42800459AB6 /* TestKeen.app */;
			productType = "com.apple.product-type.application";
		};
		42E45D7419A3B42800459AB6 /* TestKeenTests */ = {
			isa = PBXNativeTarget;
			buildConfigurationList = 42E45D8919A3B42800459AB6 /* Build configuration list for PBXNativeTarget "TestKeenTests" */;
			buildPhases = (
				42E45D7119A3B42800459AB6 /* Sources */,
				42E45D7219A3B42800459AB6 /* Frameworks */,
				42E45D7319A3B42800459AB6 /* Resources */,
			);
			buildRules = (
			);
			dependencies = (
				42E45D7B19A3B42800459AB6 /* PBXTargetDependency */,
			);
			name = TestKeenTests;
			productName = TestKeenTests;
			productReference = 42E45D7519A3B42800459AB6 /* TestKeenTests.xctest */;
			productType = "com.apple.product-type.bundle.unit-test";
		};
/* End PBXNativeTarget section */

/* Begin PBXProject section */
		42E45D4919A3B42800459AB6 /* Project object */ = {
			isa = PBXProject;
			attributes = {
				CLASSPREFIX = TK;
				LastUpgradeCheck = 0510;
				ORGANIZATIONNAME = "___FULLUSERNAME___";
				TargetAttributes = {
					42E45D7419A3B42800459AB6 = {
						TestTargetID = 42E45D5019A3B42800459AB6;
					};
				};
			};
			buildConfigurationList = 42E45D4C19A3B42800459AB6 /* Build configuration list for PBXProject "TestKeen" */;
			compatibilityVersion = "Xcode 3.2";
			developmentRegion = English;
			hasScannedForEncodings = 0;
			knownRegions = (
				en,
				Base,
			);
			mainGroup = 42E45D4819A3B42800459AB6;
			productRefGroup = 42E45D5219A3B42800459AB6 /* Products */;
			projectDirPath = "";
			projectRoot = "";
			targets = (
				42E45D5019A3B42800459AB6 /* TestKeen */,
				42E45D7419A3B42800459AB6 /* TestKeenTests */,
			);
		};
/* End PBXProject section */

/* Begin PBXResourcesBuildPhase section */
		42E45D4F19A3B42800459AB6 /* Resources */ = {
			isa = PBXResourcesBuildPhase;
			buildActionMask = 2147483647;
			files = (
				42E45D6B19A3B42800459AB6 /* Main_iPad.storyboard in Resources */,
				42E45D7019A3B42800459AB6 /* Images.xcassets in Resources */,
				42E45D6819A3B42800459AB6 /* Main_iPhone.storyboard in Resources */,
				42E45D5F19A3B42800459AB6 /* InfoPlist.strings in Resources */,
			);
			runOnlyForDeploymentPostprocessing = 0;
		};
		42E45D7319A3B42800459AB6 /* Resources */ = {
			isa = PBXResourcesBuildPhase;
			buildActionMask = 2147483647;
			files = (
				42E45D8119A3B42800459AB6 /* InfoPlist.strings in Resources */,
			);
			runOnlyForDeploymentPostprocessing = 0;
		};
/* End PBXResourcesBuildPhase section */

/* Begin PBXSourcesBuildPhase section */
		42E45D4D19A3B42800459AB6 /* Sources */ = {
			isa = PBXSourcesBuildPhase;
			buildActionMask = 2147483647;
			files = (
				42E45D6E19A3B42800459AB6 /* TKViewController.m in Sources */,
				4202488619A670B4003FFDF3 /* TKAnalyticsManager.m in Sources */,
				42E45D6119A3B42800459AB6 /* main.m in Sources */,
				42E45D6519A3B42800459AB6 /* TKAppDelegate.m in Sources */,
			);
			runOnlyForDeploymentPostprocessing = 0;
		};
		42E45D7119A3B42800459AB6 /* Sources */ = {
			isa = PBXSourcesBuildPhase;
			buildActionMask = 2147483647;
			files = (
				42E45D8319A3B42800459AB6 /* TestKeenTests.m in Sources */,
			);
			runOnlyForDeploymentPostprocessing = 0;
		};
/* End PBXSourcesBuildPhase section */

/* Begin PBXTargetDependency section */
		42E45D7B19A3B42800459AB6 /* PBXTargetDependency */ = {
			isa = PBXTargetDependency;
			target = 42E45D5019A3B42800459AB6 /* TestKeen */;
			targetProxy = 42E45D7A19A3B42800459AB6 /* PBXContainerItemProxy */;
		};
/* End PBXTargetDependency section */

/* Begin PBXVariantGroup section */
		42E45D5D19A3B42800459AB6 /* InfoPlist.strings */ = {
			isa = PBXVariantGroup;
			children = (
				42E45D5E19A3B42800459AB6 /* en */,
			);
			name = InfoPlist.strings;
			sourceTree = "<group>";
		};
		42E45D6619A3B42800459AB6 /* Main_iPhone.storyboard */ = {
			isa = PBXVariantGroup;
			children = (
				42E45D6719A3B42800459AB6 /* Base */,
			);
			name = Main_iPhone.storyboard;
			sourceTree = "<group>";
		};
		42E45D6919A3B42800459AB6 /* Main_iPad.storyboard */ = {
			isa = PBXVariantGroup;
			children = (
				42E45D6A19A3B42800459AB6 /* Base */,
			);
			name = Main_iPad.storyboard;
			sourceTree = "<group>";
		};
		42E45D7F19A3B42800459AB6 /* InfoPlist.strings */ = {
			isa = PBXVariantGroup;
			children = (
				42E45D8019A3B42800459AB6 /* en */,
			);
			name = InfoPlist.strings;
			sourceTree = "<group>";
		};
/* End PBXVariantGroup section */

/* Begin XCBuildConfiguration section */
		42E45D8419A3B42800459AB6 /* Debug */ = {
			isa = XCBuildConfiguration;
			buildSettings = {
				ALWAYS_SEARCH_USER_PATHS = NO;
				CLANG_CXX_LANGUAGE_STANDARD = "gnu++0x";
				CLANG_CXX_LIBRARY = "libc++";
				CLANG_ENABLE_MODULES = YES;
				CLANG_ENABLE_OBJC_ARC = YES;
				CLANG_WARN_BOOL_CONVERSION = YES;
				CLANG_WARN_CONSTANT_CONVERSION = YES;
				CLANG_WARN_DIRECT_OBJC_ISA_USAGE = YES_ERROR;
				CLANG_WARN_EMPTY_BODY = YES;
				CLANG_WARN_ENUM_CONVERSION = YES;
				CLANG_WARN_INT_CONVERSION = YES;
				CLANG_WARN_OBJC_ROOT_CLASS = YES_ERROR;
				CLANG_WARN__DUPLICATE_METHOD_MATCH = YES;
				"CODE_SIGN_IDENTITY[sdk=iphoneos*]" = "iPhone Developer";
				COPY_PHASE_STRIP = NO;
				GCC_C_LANGUAGE_STANDARD = gnu99;
				GCC_DYNAMIC_NO_PIC = NO;
				GCC_OPTIMIZATION_LEVEL = 0;
				GCC_PREPROCESSOR_DEFINITIONS = (
					"DEBUG=1",
					"$(inherited)",
				);
				GCC_SYMBOLS_PRIVATE_EXTERN = NO;
				GCC_WARN_64_TO_32_BIT_CONVERSION = YES;
				GCC_WARN_ABOUT_RETURN_TYPE = YES_ERROR;
				GCC_WARN_UNDECLARED_SELECTOR = YES;
				GCC_WARN_UNINITIALIZED_AUTOS = YES_AGGRESSIVE;
				GCC_WARN_UNUSED_FUNCTION = YES;
				GCC_WARN_UNUSED_VARIABLE = YES;
				IPHONEOS_DEPLOYMENT_TARGET = 7.1;
				ONLY_ACTIVE_ARCH = YES;
				PROVISIONING_PROFILE = "98a16a7c-b0da-406f-adf9-b594a1f2c27e";
				SDKROOT = iphoneos;
				TARGETED_DEVICE_FAMILY = "1,2";
			};
			name = Debug;
		};
		42E45D8519A3B42800459AB6 /* Release */ = {
			isa = XCBuildConfiguration;
			buildSettings = {
				ALWAYS_SEARCH_USER_PATHS = NO;
				CLANG_CXX_LANGUAGE_STANDARD = "gnu++0x";
				CLANG_CXX_LIBRARY = "libc++";
				CLANG_ENABLE_MODULES = YES;
				CLANG_ENABLE_OBJC_ARC = YES;
				CLANG_WARN_BOOL_CONVERSION = YES;
				CLANG_WARN_CONSTANT_CONVERSION = YES;
				CLANG_WARN_DIRECT_OBJC_ISA_USAGE = YES_ERROR;
				CLANG_WARN_EMPTY_BODY = YES;
				CLANG_WARN_ENUM_CONVERSION = YES;
				CLANG_WARN_INT_CONVERSION = YES;
				CLANG_WARN_OBJC_ROOT_CLASS = YES_ERROR;
				CLANG_WARN__DUPLICATE_METHOD_MATCH = YES;
				"CODE_SIGN_IDENTITY[sdk=iphoneos*]" = "iPhone Developer";
				COPY_PHASE_STRIP = YES;
				ENABLE_NS_ASSERTIONS = NO;
				GCC_C_LANGUAGE_STANDARD = gnu99;
				GCC_WARN_64_TO_32_BIT_CONVERSION = YES;
				GCC_WARN_ABOUT_RETURN_TYPE = YES_ERROR;
				GCC_WARN_UNDECLARED_SELECTOR = YES;
				GCC_WARN_UNINITIALIZED_AUTOS = YES_AGGRESSIVE;
				GCC_WARN_UNUSED_FUNCTION = YES;
				GCC_WARN_UNUSED_VARIABLE = YES;
				IPHONEOS_DEPLOYMENT_TARGET = 7.1;
				PROVISIONING_PROFILE = "98a16a7c-b0da-406f-adf9-b594a1f2c27e";
				SDKROOT = iphoneos;
				TARGETED_DEVICE_FAMILY = "1,2";
				VALIDATE_PRODUCT = YES;
			};
			name = Release;
		};
		42E45D8719A3B42800459AB6 /* Debug */ = {
			isa = XCBuildConfiguration;
			buildSettings = {
				ASSETCATALOG_COMPILER_APPICON_NAME = AppIcon;
				ASSETCATALOG_COMPILER_LAUNCHIMAGE_NAME = LaunchImage;
				GCC_PRECOMPILE_PREFIX_HEADER = YES;
				GCC_PREFIX_HEADER = "TestKeen/TestKeen-Prefix.pch";
				INFOPLIST_FILE = "TestKeen/TestKeen-Info.plist";
				LIBRARY_SEARCH_PATHS = (
					"$(inherited)",
					"$(PROJECT_DIR)/KeenClient",
				);
				OTHER_LDFLAGS = "-ObjC";
				PRODUCT_NAME = "$(TARGET_NAME)";
				WRAPPER_EXTENSION = app;
			};
			name = Debug;
		};
		42E45D8819A3B42800459AB6 /* Release */ = {
			isa = XCBuildConfiguration;
			buildSettings = {
				ASSETCATALOG_COMPILER_APPICON_NAME = AppIcon;
				ASSETCATALOG_COMPILER_LAUNCHIMAGE_NAME = LaunchImage;
				GCC_PRECOMPILE_PREFIX_HEADER = YES;
				GCC_PREFIX_HEADER = "TestKeen/TestKeen-Prefix.pch";
				INFOPLIST_FILE = "TestKeen/TestKeen-Info.plist";
				LIBRARY_SEARCH_PATHS = (
					"$(inherited)",
					"$(PROJECT_DIR)/KeenClient",
				);
				OTHER_LDFLAGS = "-ObjC";
				PRODUCT_NAME = "$(TARGET_NAME)";
				WRAPPER_EXTENSION = app;
			};
			name = Release;
		};
		42E45D8A19A3B42800459AB6 /* Debug */ = {
			isa = XCBuildConfiguration;
			buildSettings = {
				BUNDLE_LOADER = "$(BUILT_PRODUCTS_DIR)/TestKeen.app/TestKeen";
				FRAMEWORK_SEARCH_PATHS = (
					"$(SDKROOT)/Developer/Library/Frameworks",
					"$(inherited)",
					"$(DEVELOPER_FRAMEWORKS_DIR)",
				);
				GCC_PRECOMPILE_PREFIX_HEADER = YES;
				GCC_PREFIX_HEADER = "TestKeen/TestKeen-Prefix.pch";
				GCC_PREPROCESSOR_DEFINITIONS = (
					"DEBUG=1",
					"$(inherited)",
				);
				INFOPLIST_FILE = "TestKeenTests/TestKeenTests-Info.plist";
				PRODUCT_NAME = "$(TARGET_NAME)";
				TEST_HOST = "$(BUNDLE_LOADER)";
				WRAPPER_EXTENSION = xctest;
			};
			name = Debug;
		};
		42E45D8B19A3B42800459AB6 /* Release */ = {
			isa = XCBuildConfiguration;
			buildSettings = {
				BUNDLE_LOADER = "$(BUILT_PRODUCTS_DIR)/TestKeen.app/TestKeen";
				FRAMEWORK_SEARCH_PATHS = (
					"$(SDKROOT)/Developer/Library/Frameworks",
					"$(inherited)",
					"$(DEVELOPER_FRAMEWORKS_DIR)",
				);
				GCC_PRECOMPILE_PREFIX_HEADER = YES;
				GCC_PREFIX_HEADER = "TestKeen/TestKeen-Prefix.pch";
				INFOPLIST_FILE = "TestKeenTests/TestKeenTests-Info.plist";
				PRODUCT_NAME = "$(TARGET_NAME)";
				TEST_HOST = "$(BUNDLE_LOADER)";
				WRAPPER_EXTENSION = xctest;
			};
			name = Release;
		};
/* End XCBuildConfiguration section */

/* Begin XCConfigurationList section */
		42E45D4C19A3B42800459AB6 /* Build configuration list for PBXProject "TestKeen" */ = {
			isa = XCConfigurationList;
			buildConfigurations = (
				42E45D8419A3B42800459AB6 /* Debug */,
				42E45D8519A3B42800459AB6 /* Release */,
			);
			defaultConfigurationIsVisible = 0;
			defaultConfigurationName = Release;
		};
		42E45D8619A3B42800459AB6 /* Build configuration list for PBXNativeTarget "TestKeen" */ = {
			isa = XCConfigurationList;
			buildConfigurations = (
				42E45D8719A3B42800459AB6 /* Debug */,
				42E45D8819A3B42800459AB6 /* Release */,
			);
			defaultConfigurationIsVisible = 0;
			defaultConfigurationName = Release;
		};
		42E45D8919A3B42800459AB6 /* Build configuration list for PBXNativeTarget "TestKeenTests" */ = {
			isa = XCConfigurationList;
			buildConfigurations = (
				42E45D8A19A3B42800459AB6 /* Debug */,
				42E45D8B19A3B42800459AB6 /* Release */,
			);
			defaultConfigurationIsVisible = 0;
			defaultConfigurationName = Release;
		};
/* End XCConfigurationList section */
	};
	rootObject = 42E45D4919A3B42800459AB6 /* Project object */;
}
